
Microsoft Visual Studio Solution File, Format Version 12.00
# Visual Studio Version 17
VisualStudioVersion = 17.14.36518.9 d17.14
MinimumVisualStudioVersion = 10.0.40219.1
Project("{FAE04EC0-301F-11D3-BF4B-00C04F79EFBC}") = "SohbetSunucusu", "SohbetSunucusu.csproj", "{8C067883-57B2-4772-9A89-D7ECFE1EB872}"
EndProject
Global
	GlobalSection(SolutionConfigurationPlatforms) = preSolution
		Debug|Any CPU = Debug|Any CPU
		Release|Any CPU = Release|Any CPU
	EndGlobalSection
	GlobalSection(ProjectConfigurationPlatforms) = postSolution
		{8C067883-57B2-4772-9A89-D7ECFE1EB872}.Debug|Any CPU.ActiveCfg = Debug|Any CPU
		{8C067883-57B2-4772-9A89-D7ECFE1EB872}.Debug|Any CPU.Build.0 = Debug|Any CPU
		{8C067883-57B2-4772-9A89-D7ECFE1EB872}.Release|Any CPU.ActiveCfg = Release|Any CPU
		{8C067883-57B2-4772-9A89-D7ECFE1EB872}.Release|Any CPU.Build.0 = Release|Any CPU
	EndGlobalSection
	GlobalSection(SolutionProperties) = preSolution
		HideSolutionNode = FALSE
	EndGlobalSection
	GlobalSection(ExtensibilityGlobals) = postSolution
		SolutionGuid = {8192A2C1-0050-4012-853B-619FCA01ACDB}
	EndGlobalSection
EndGlobal
